
Microsoft Visual Studio Solution File, Format Version 12.00
# Visual Studio 15
VisualStudioVersion = 15.0.28010.2036
MinimumVisualStudioVersion = 10.0.40219.1
Project("{FAE04EC0-301F-11D3-BF4B-00C04F79EFBC}") = "Lands.Android", "Lands\Lands.Android\Lands.Android.csproj", "{553C9B4A-1EAF-4350-B477-AA87DD6B5A1F}"
EndProject
Project("{FAE04EC0-301F-11D3-BF4B-00C04F79EFBC}") = "Lands.iOS", "Lands\Lands.iOS\Lands.iOS.csproj", "{181C71EB-14FD-40F1-B308-AA21CB499123}"
EndProject
Project("{FAE04EC0-301F-11D3-BF4B-00C04F79EFBC}") = "Lands", "Lands\Lands\Lands.csproj", "{9160C7E6-88D8-4F67-9155-026E90217EBC}"
EndProject
Global
	GlobalSection(SolutionConfigurationPlatforms) = preSolution
		Ad-Hoc|Any CPU = Ad-Hoc|Any CPU
		Ad-Hoc|iPhone = Ad-Hoc|iPhone
		Ad-Hoc|iPhoneSimulator = Ad-Hoc|iPhoneSimulator
		AppStore|Any CPU = AppStore|Any CPU
		AppStore|iPhone = AppStore|iPhone
		AppStore|iPhoneSimulator = AppStore|iPhoneSimulator
		Debug|Any CPU = Debug|Any CPU
		Debug|iPhone = Debug|iPhone
		Debug|iPhoneSimulator = Debug|iPhoneSimulator
		Release|Any CPU = Release|Any CPU
		Release|iPhone = Release|iPhone
		Release|iPhoneSimulator = Release|iPhoneSimulator
	EndGlobalSection
	GlobalSection(ProjectConfigurationPlatforms) = postSolution
		{553C9B4A-1EAF-4350-B477-AA87DD6B5A1F}.Ad-Hoc|Any CPU.ActiveCfg = Release|Any CPU
		{553C9B4A-1EAF-4350-B477-AA87DD6B5A1F}.Ad-Hoc|Any CPU.Build.0 = Release|Any CPU
		{553C9B4A-1EAF-4350-B477-AA87DD6B5A1F}.Ad-Hoc|Any CPU.Deploy.0 = Release|Any CPU
		{553C9B4A-1EAF-4350-B477-AA87DD6B5A1F}.Ad-Hoc|iPhone.ActiveCfg = Release|Any CPU
		{553C9B4A-1EAF-4350-B477-AA87DD6B5A1F}.Ad-Hoc|iPhone.Build.0 = Release|Any CPU
		{553C9B4A-1EAF-4350-B477-AA87DD6B5A1F}.Ad-Hoc|iPhone.Deploy.0 = Release|Any CPU
		{553C9B4A-1EAF-4350-B477-AA87DD6B5A1F}.Ad-Hoc|iPhoneSimulator.ActiveCfg = Release|Any CPU
		{553C9B4A-1EAF-4350-B477-AA87DD6B5A1F}.Ad-Hoc|iPhoneSimulator.Build.0 = Release|Any CPU
		{553C9B4A-1EAF-4350-B477-AA87DD6B5A1F}.Ad-Hoc|iPhoneSimulator.Deploy.0 = Release|Any CPU
		{553C9B4A-1EAF-4350-B477-AA87DD6B5A1F}.AppStore|Any CPU.ActiveCfg = Release|Any CPU
		{553C9B4A-1EAF-4350-B477-AA87DD6B5A1F}.AppStore|Any CPU.Build.0 = Release|Any CPU
		{553C9B4A-1EAF-4350-B477-AA87DD6B5A1F}.AppStore|Any CPU.Deploy.0 = Release|Any CPU
		{553C9B4A-1EAF-4350-B477-AA87DD6B5A1F}.AppStore|iPhone.ActiveCfg = Release|Any CPU
		{553C9B4A-1EAF-4350-B477-AA87DD6B5A1F}.AppStore|iPhone.Build.0 = Release|Any CPU
		{553C9B4A-1EAF-4350-B477-AA87DD6B5A1F}.AppStore|iPhone.Deploy.0 = Release|Any CPU
		{553C9B4A-1EAF-4350-B477-AA87DD6B5A1F}.AppStore|iPhoneSimulator.ActiveCfg = Release|Any CPU
		{553C9B4A-1EAF-4350-B477-AA87DD6B5A1F}.AppStore|iPhoneSimulator.Build.0 = Release|Any CPU
		{553C9B4A-1EAF-4350-B477-AA87DD6B5A1F}.AppStore|iPhoneSimulator.Deploy.0 = Release|Any CPU
		{553C9B4A-1EAF-4350-B477-AA87DD6B5A1F}.Debug|Any CPU.ActiveCfg = Debug|Any CPU
		{553C9B4A-1EAF-4350-B477-AA87DD6B5A1F}.Debug|Any CPU.Build.0 = Debug|Any CPU
		{553C9B4A-1EAF-4350-B477-AA87DD6B5A1F}.Debug|Any CPU.Deploy.0 = Debug|Any CPU
		{553C9B4A-1EAF-4350-B477-AA87DD6B5A1F}.Debug|iPhone.ActiveCfg = Debug|Any CPU
		{553C9B4A-1EAF-4350-B477-AA87DD6B5A1F}.Debug|iPhone.Build.0 = Debug|Any CPU
		{553C9B4A-1EAF-4350-B477-AA87DD6B5A1F}.Debug|iPhone.Deploy.0 = Debug|Any CPU
		{553C9B4A-1EAF-4350-B477-AA87DD6B5A1F}.Debug|iPhoneSimulator.ActiveCfg = Debug|Any CPU
		{553C9B4A-1EAF-4350-B477-AA87DD6B5A1F}.Debug|iPhoneSimulator.Build.0 = Debug|Any CPU
		{553C9B4A-1EAF-4350-B477-AA87DD6B5A1F}.Debug|iPhoneSimulator.Deploy.0 = Debug|Any CPU
		{553C9B4A-1EAF-4350-B477-AA87DD6B5A1F}.Release|Any CPU.ActiveCfg = Release|Any CPU
		{553C9B4A-1EAF-4350-B477-AA87DD6B5A1F}.Release|Any CPU.Build.0 = Release|Any CPU
		{553C9B4A-1EAF-4350-B477-AA87DD6B5A1F}.Release|Any CPU.Deploy.0 = Release|Any CPU
		{553C9B4A-1EAF-4350-B477-AA87DD6B5A1F}.Release|iPhone.ActiveCfg = Release|Any CPU
		{553C9B4A-1EAF-4350-B477-AA87DD6B5A1F}.Release|iPhone.Build.0 = Release|Any CPU
		{553C9B4A-1EAF-4350-B477-AA87DD6B5A1F}.Release|iPhone.Deploy.0 = Release|Any CPU
		{553C9B4A-1EAF-4350-B477-AA87DD6B5A1F}.Release|iPhoneSimulator.ActiveCfg = Release|Any CPU
		{553C9B4A-1EAF-4350-B477-AA87DD6B5A1F}.Release|iPhoneSimulator.Build.0 = Release|Any CPU
		{553C9B4A-1EAF-4350-B477-AA87DD6B5A1F}.Release|iPhoneSimulator.Deploy.0 = Release|Any CPU
		{181C71EB-14FD-40F1-B308-AA21CB499123}.Ad-Hoc|Any CPU.ActiveCfg = Ad-Hoc|iPhone
		{181C71EB-14FD-40F1-B308-AA21CB499123}.Ad-Hoc|Any CPU.Build.0 = Ad-Hoc|iPhone
		{181C71EB-14FD-40F1-B308-AA21CB499123}.Ad-Hoc|Any CPU.Deploy.0 = Ad-Hoc|iPhone
		{181C71EB-14FD-40F1-B308-AA21CB499123}.Ad-Hoc|iPhone.ActiveCfg = Ad-Hoc|iPhone
		{181C71EB-14FD-40F1-B308-AA21CB499123}.Ad-Hoc|iPhone.Build.0 = Ad-Hoc|iPhone
		{181C71EB-14FD-40F1-B308-AA21CB499123}.Ad-Hoc|iPhone.Deploy.0 = Ad-Hoc|iPhone
		{181C71EB-14FD-40F1-B308-AA21CB499123}.Ad-Hoc|iPhoneSimulator.ActiveCfg = Ad-Hoc|iPhoneSimulator
		{181C71EB-14FD-40F1-B308-AA21CB499123}.Ad-Hoc|iPhoneSimulator.Build.0 = Ad-Hoc|iPhoneSimulator
		{181C71EB-14FD-40F1-B308-AA21CB499123}.Ad-Hoc|iPhoneSimulator.Deploy.0 = Ad-Hoc|iPhoneSimulator
		{181C71EB-14FD-40F1-B308-AA21CB499123}.AppStore|Any CPU.ActiveCfg = AppStore|iPhone
		{181C71EB-14FD-40F1-B308-AA21CB499123}.AppStore|Any CPU.Build.0 = AppStore|iPhone
		{181C71EB-14FD-40F1-B308-AA21CB499123}.AppStore|Any CPU.Deploy.0 = AppStore|iPhone
		{181C71EB-14FD-40F1-B308-AA21CB499123}.AppStore|iPhone.ActiveCfg = AppStore|iPhone
		{181C71EB-14FD-40F1-B308-AA21CB499123}.AppStore|iPhone.Build.0 = AppStore|iPhone
		{181C71EB-14FD-40F1-B308-AA21CB499123}.AppStore|iPhone.Deploy.0 = AppStore|iPhone
		{181C71EB-14FD-40F1-B308-AA21CB499123}.AppStore|iPhoneSimulator.ActiveCfg = AppStore|iPhoneSimulator
		{181C71EB-14FD-40F1-B308-AA21CB499123}.AppStore|iPhoneSimulator.Build.0 = AppStore|iPhoneSimulator
		{181C71EB-14FD-40F1-B308-AA21CB499123}.AppStore|iPhoneSimulator.Deploy.0 = AppStore|iPhoneSimulator
		{181C71EB-14FD-40F1-B308-AA21CB499123}.Debug|Any CPU.ActiveCfg = Debug|iPhoneSimulator
		{181C71EB-14FD-40F1-B308-AA21CB499123}.Debug|Any CPU.Build.0 = Debug|iPhoneSimulator
		{181C71EB-14FD-40F1-B308-AA21CB499123}.Debug|Any CPU.Deploy.0 = Debug|iPhoneSimulator
		{181C71EB-14FD-40F1-B308-AA21CB499123}.Debug|iPhone.ActiveCfg = Debug|iPhone
		{181C71EB-14FD-40F1-B308-AA21CB499123}.Debug|iPhone.Build.0 = Debug|iPhone
		{181C71EB-14FD-40F1-B308-AA21CB499123}.Debug|iPhone.Deploy.0 = Debug|iPhone
		{181C71EB-14FD-40F1-B308-AA21CB499123}.Debug|iPhoneSimulator.ActiveCfg = Debug|iPhoneSimulator
		{181C71EB-14FD-40F1-B308-AA21CB499123}.Debug|iPhoneSimulator.Build.0 = Debug|iPhoneSimulator
		{181C71EB-14FD-40F1-B308-AA21CB499123}.Debug|iPhoneSimulator.Deploy.0 = Debug|iPhoneSimulator
		{181C71EB-14FD-40F1-B308-AA21CB499123}.Release|Any CPU.ActiveCfg = Release|iPhone
		{181C71EB-14FD-40F1-B308-AA21CB499123}.Release|Any CPU.Build.0 = Release|iPhone
		{181C71EB-14FD-40F1-B308-AA21CB499123}.Release|Any CPU.Deploy.0 = Release|iPhone
		{181C71EB-14FD-40F1-B308-AA21CB499123}.Release|iPhone.ActiveCfg = Release|iPhone
		{181C71EB-14FD-40F1-B308-AA21CB499123}.Release|iPhone.Build.0 = Release|iPhone
		{181C71EB-14FD-40F1-B308-AA21CB499123}.Release|iPhone.Deploy.0 = Release|iPhone
		{181C71EB-14FD-40F1-B308-AA21CB499123}.Release|iPhoneSimulator.ActiveCfg = Release|iPhoneSimulator
		{181C71EB-14FD-40F1-B308-AA21CB499123}.Release|iPhoneSimulator.Build.0 = Release|iPhoneSimulator
		{181C71EB-14FD-40F1-B308-AA21CB499123}.Release|iPhoneSimulator.Deploy.0 = Release|iPhoneSimulator
		{9160C7E6-88D8-4F67-9155-026E90217EBC}.Ad-Hoc|Any CPU.ActiveCfg = Debug|Any CPU
		{9160C7E6-88D8-4F67-9155-026E90217EBC}.Ad-Hoc|Any CPU.Build.0 = Debug|Any CPU
		{9160C7E6-88D8-4F67-9155-026E90217EBC}.Ad-Hoc|Any CPU.Deploy.0 = Debug|Any CPU
		{9160C7E6-88D8-4F67-9155-026E90217EBC}.Ad-Hoc|iPhone.ActiveCfg = Debug|Any CPU
		{9160C7E6-88D8-4F67-9155-026E90217EBC}.Ad-Hoc|iPhone.Build.0 = Debug|Any CPU
		{9160C7E6-88D8-4F67-9155-026E90217EBC}.Ad-Hoc|iPhone.Deploy.0 = Debug|Any CPU
		{9160C7E6-88D8-4F67-9155-026E90217EBC}.Ad-Hoc|iPhoneSimulator.ActiveCfg = Debug|Any CPU
		{9160C7E6-88D8-4F67-9155-026E90217EBC}.Ad-Hoc|iPhoneSimulator.Build.0 = Debug|Any CPU
		{9160C7E6-88D8-4F67-9155-026E90217EBC}.Ad-Hoc|iPhoneSimulator.Deploy.0 = Debug|Any CPU
		{9160C7E6-88D8-4F67-9155-026E90217EBC}.AppStore|Any CPU.ActiveCfg = Debug|Any CPU
		{9160C7E6-88D8-4F67-9155-026E90217EBC}.AppStore|Any CPU.Build.0 = Debug|Any CPU
		{9160C7E6-88D8-4F67-9155-026E90217EBC}.AppStore|Any CPU.Deploy.0 = Debug|Any CPU
		{9160C7E6-88D8-4F67-9155-026E90217EBC}.AppStore|iPhone.ActiveCfg = Debug|Any CPU
		{9160C7E6-88D8-4F67-9155-026E90217EBC}.AppStore|iPhone.Build.0 = Debug|Any CPU
		{9160C7E6-88D8-4F67-9155-026E90217EBC}.AppStore|iPhone.Deploy.0 = Debug|Any CPU
		{9160C7E6-88D8-4F67-9155-026E90217EBC}.AppStore|iPhoneSimulator.ActiveCfg = Debug|Any CPU
		{9160C7E6-88D8-4F67-9155-026E90217EBC}.AppStore|iPhoneSimulator.Build.0 = Debug|Any CPU
		{9160C7E6-88D8-4F67-9155-026E90217EBC}.AppStore|iPhoneSimulator.Deploy.0 = Debug|Any CPU
		{9160C7E6-88D8-4F67-9155-026E90217EBC}.Debug|Any CPU.ActiveCfg = Debug|Any CPU
		{9160C7E6-88D8-4F67-9155-026E90217EBC}.Debug|Any CPU.Build.0 = Debug|Any CPU
		{9160C7E6-88D8-4F67-9155-026E90217EBC}.Debug|Any CPU.Deploy.0 = Debug|Any CPU
		{9160C7E6-88D8-4F67-9155-026E90217EBC}.Debug|iPhone.ActiveCfg = Debug|Any CPU
		{9160C7E6-88D8-4F67-9155-026E90217EBC}.Debug|iPhone.Build.0 = Debug|Any CPU
		{9160C7E6-88D8-4F67-9155-026E90217EBC}.Debug|iPhone.Deploy.0 = Debug|Any CPU
		{9160C7E6-88D8-4F67-9155-026E90217EBC}.Debug|iPhoneSimulator.ActiveCfg = Debug|Any CPU
		{9160C7E6-88D8-4F67-9155-026E90217EBC}.Debug|iPhoneSimulator.Build.0 = Debug|Any CPU
		{9160C7E6-88D8-4F67-9155-026E90217EBC}.Debug|iPhoneSimulator.Deploy.0 = Debug|Any CPU
		{9160C7E6-88D8-4F67-9155-026E90217EBC}.Release|Any CPU.ActiveCfg = Release|Any CPU
		{9160C7E6-88D8-4F67-9155-026E90217EBC}.Release|Any CPU.Build.0 = Release|Any CPU
		{9160C7E6-88D8-4F67-9155-026E90217EBC}.Release|Any CPU.Deploy.0 = Release|Any CPU
		{9160C7E6-88D8-4F67-9155-026E90217EBC}.Release|iPhone.ActiveCfg = Release|Any CPU
		{9160C7E6-88D8-4F67-9155-026E90217EBC}.Release|iPhone.Build.0 = Release|Any CPU
		{9160C7E6-88D8-4F67-9155-026E90217EBC}.Release|iPhone.Deploy.0 = Release|Any CPU
		{9160C7E6-88D8-4F67-9155-026E90217EBC}.Release|iPhoneSimulator.ActiveCfg = Release|Any CPU
		{9160C7E6-88D8-4F67-9155-026E90217EBC}.Release|iPhoneSimulator.Build.0 = Release|Any CPU
		{9160C7E6-88D8-4F67-9155-026E90217EBC}.Release|iPhoneSimulator.Deploy.0 = Release|Any CPU
	EndGlobalSection
	GlobalSection(SolutionProperties) = preSolution
		HideSolutionNode = FALSE
	EndGlobalSection
	GlobalSection(ExtensibilityGlobals) = postSolution
		SolutionGuid = {32FFBDC5-27C8-498D-9BA9-29E5F51772B8}
	EndGlobalSection
EndGlobal
